
Microsoft Visual Studio Solution File, Format Version 12.00
# Visual Studio Version 16
VisualStudioVersion = 16.0.31410.357
MinimumVisualStudioVersion = 10.0.40219.1
Project("{FAE04EC0-301F-11D3-BF4B-00C04F79EFBC}") = "PhucAnhWeb", "PhucAnhWeb\PhucAnhWeb.csproj", "{48F3590C-F817-4E43-86E2-122529279F9F}"
EndProject
Global
	GlobalSection(SolutionConfigurationPlatforms) = preSolution
		Debug|Any CPU = Debug|Any CPU
		Release|Any CPU = Release|Any CPU
	EndGlobalSection
	GlobalSection(ProjectConfigurationPlatforms) = postSolution
		{48F3590C-F817-4E43-86E2-122529279F9F}.Debug|Any CPU.ActiveCfg = Debug|Any CPU
		{48F3590C-F817-4E43-86E2-122529279F9F}.Debug|Any CPU.Build.0 = Debug|Any CPU
		{48F3590C-F817-4E43-86E2-122529279F9F}.Release|Any CPU.ActiveCfg = Release|Any CPU
		{48F3590C-F817-4E43-86E2-122529279F9F}.Release|Any CPU.Build.0 = Release|Any CPU
	EndGlobalSection
	GlobalSection(SolutionProperties) = preSolution
		HideSolutionNode = FALSE
	EndGlobalSection
	GlobalSection(ExtensibilityGlobals) = postSolution
		SolutionGuid = {173F74E7-5279-448A-98D7-FEE30B03D46B}
	EndGlobalSection
EndGlobal
